
Microsoft Visual Studio Solution File, Format Version 12.00
Project("{FAE04EC0-301F-11D3-BF4B-00C04F79EFBC}") = "FixedIncome.Application", "src\FixedIncome.Application\FixedIncome.Application.csproj", "{98E9078A-62AA-4E5B-850A-401CF12ACE75}"
EndProject
Project("{2150E333-8FDC-42A3-9474-1A3956D46DE8}") = "src", "src", "{399ADA1B-3557-4481-8DCE-F18AD0BA54D0}"
EndProject
Project("{FAE04EC0-301F-11D3-BF4B-00C04F79EFBC}") = "FixedIncome.Infrastructure", "src\FixedIncome.Infrastructure\FixedIncome.Infrastructure.csproj", "{A4100588-87F4-49D3-8606-4CAB66D4C6D6}"
EndProject
Project("{FAE04EC0-301F-11D3-BF4B-00C04F79EFBC}") = "FixedIncome.Domain", "src\FixedIncome.Domain\FixedIncome.Domain.csproj", "{674E4C47-FA6B-4C05-BDA9-53490BF74983}"
EndProject
Project("{FAE04EC0-301F-11D3-BF4B-00C04F79EFBC}") = "FixedIncome.API", "src\FixedIncome.API\FixedIncome.API.csproj", "{45B8FC68-FFEC-4FC0-84FC-A9931267FCF9}"
EndProject
Project("{FAE04EC0-301F-11D3-BF4B-00C04F79EFBC}") = "Workers", "src\Workers\Workers.csproj", "{D07D0DA8-1ACD-4A03-BA96-3E9751C07E1D}"
EndProject
Project("{FAE04EC0-301F-11D3-BF4B-00C04F79EFBC}") = "FixedIncome.Domain.Tests", "tests\FixedIncome.Domain.Tests\FixedIncome.Domain.Tests.csproj", "{6C1FC4E8-2B09-4D05-8CF2-5826AAE9EB20}"
EndProject
Project("{2150E333-8FDC-42A3-9474-1A3956D46DE8}") = "tests", "tests", "{9B308472-F615-4DF7-B45B-8E3406921E34}"
EndProject
Project("{2150E333-8FDC-42A3-9474-1A3956D46DE8}") = "Solution Items", "Solution Items", "{25D45B4C-E723-4FA9-9895-A4F7E7D6D8CA}"
	ProjectSection(SolutionItems) = preProject
		compose.yaml = compose.yaml
	EndProjectSection
EndProject
Global
	GlobalSection(SolutionConfigurationPlatforms) = preSolution
		Debug|Any CPU = Debug|Any CPU
		Release|Any CPU = Release|Any CPU
	EndGlobalSection
	GlobalSection(ProjectConfigurationPlatforms) = postSolution
		{98E9078A-62AA-4E5B-850A-401CF12ACE75}.Debug|Any CPU.ActiveCfg = Debug|Any CPU
		{98E9078A-62AA-4E5B-850A-401CF12ACE75}.Debug|Any CPU.Build.0 = Debug|Any CPU
		{98E9078A-62AA-4E5B-850A-401CF12ACE75}.Release|Any CPU.ActiveCfg = Release|Any CPU
		{98E9078A-62AA-4E5B-850A-401CF12ACE75}.Release|Any CPU.Build.0 = Release|Any CPU
		{A4100588-87F4-49D3-8606-4CAB66D4C6D6}.Debug|Any CPU.ActiveCfg = Debug|Any CPU
		{A4100588-87F4-49D3-8606-4CAB66D4C6D6}.Debug|Any CPU.Build.0 = Debug|Any CPU
		{A4100588-87F4-49D3-8606-4CAB66D4C6D6}.Release|Any CPU.ActiveCfg = Release|Any CPU
		{A4100588-87F4-49D3-8606-4CAB66D4C6D6}.Release|Any CPU.Build.0 = Release|Any CPU
		{674E4C47-FA6B-4C05-BDA9-53490BF74983}.Debug|Any CPU.ActiveCfg = Debug|Any CPU
		{674E4C47-FA6B-4C05-BDA9-53490BF74983}.Debug|Any CPU.Build.0 = Debug|Any CPU
		{674E4C47-FA6B-4C05-BDA9-53490BF74983}.Release|Any CPU.ActiveCfg = Release|Any CPU
		{674E4C47-FA6B-4C05-BDA9-53490BF74983}.Release|Any CPU.Build.0 = Release|Any CPU
		{45B8FC68-FFEC-4FC0-84FC-A9931267FCF9}.Debug|Any CPU.ActiveCfg = Debug|Any CPU
		{45B8FC68-FFEC-4FC0-84FC-A9931267FCF9}.Debug|Any CPU.Build.0 = Debug|Any CPU
		{45B8FC68-FFEC-4FC0-84FC-A9931267FCF9}.Release|Any CPU.ActiveCfg = Release|Any CPU
		{45B8FC68-FFEC-4FC0-84FC-A9931267FCF9}.Release|Any CPU.Build.0 = Release|Any CPU
		{D07D0DA8-1ACD-4A03-BA96-3E9751C07E1D}.Debug|Any CPU.ActiveCfg = Debug|Any CPU
		{D07D0DA8-1ACD-4A03-BA96-3E9751C07E1D}.Debug|Any CPU.Build.0 = Debug|Any CPU
		{D07D0DA8-1ACD-4A03-BA96-3E9751C07E1D}.Release|Any CPU.ActiveCfg = Release|Any CPU
		{D07D0DA8-1ACD-4A03-BA96-3E9751C07E1D}.Release|Any CPU.Build.0 = Release|Any CPU
		{6C1FC4E8-2B09-4D05-8CF2-5826AAE9EB20}.Debug|Any CPU.ActiveCfg = Debug|Any CPU
		{6C1FC4E8-2B09-4D05-8CF2-5826AAE9EB20}.Debug|Any CPU.Build.0 = Debug|Any CPU
		{6C1FC4E8-2B09-4D05-8CF2-5826AAE9EB20}.Release|Any CPU.ActiveCfg = Release|Any CPU
		{6C1FC4E8-2B09-4D05-8CF2-5826AAE9EB20}.Release|Any CPU.Build.0 = Release|Any CPU
	EndGlobalSection
	GlobalSection(NestedProjects) = preSolution
		{98E9078A-62AA-4E5B-850A-401CF12ACE75} = {399ADA1B-3557-4481-8DCE-F18AD0BA54D0}
		{A4100588-87F4-49D3-8606-4CAB66D4C6D6} = {399ADA1B-3557-4481-8DCE-F18AD0BA54D0}
		{674E4C47-FA6B-4C05-BDA9-53490BF74983} = {399ADA1B-3557-4481-8DCE-F18AD0BA54D0}
		{45B8FC68-FFEC-4FC0-84FC-A9931267FCF9} = {399ADA1B-3557-4481-8DCE-F18AD0BA54D0}
		{D07D0DA8-1ACD-4A03-BA96-3E9751C07E1D} = {399ADA1B-3557-4481-8DCE-F18AD0BA54D0}
		{6C1FC4E8-2B09-4D05-8CF2-5826AAE9EB20} = {9B308472-F615-4DF7-B45B-8E3406921E34}
	EndGlobalSection
EndGlobal
